
Microsoft Visual Studio Solution File, Format Version 12.00
# Visual Studio 15
VisualStudioVersion = 15.0.26124.0
MinimumVisualStudioVersion = 15.0.26124.0
Project("{FAE04EC0-301F-11D3-BF4B-00C04F79EFBC}") = "BeckonedPath.Testing.Data", "BeckonedPath.Testing.Data\BeckonedPath.Testing.Data.csproj", "{DC45FB4A-99EF-45AA-BA09-85F0ABB1F3C5}"
EndProject
Project("{FAE04EC0-301F-11D3-BF4B-00C04F79EFBC}") = "BeckonedPath.Testing.MvcClient", "BeckonedPath.Testing.MvcClient\BeckonedPath.Testing.MvcClient.csproj", "{C979E7B2-B0BB-463B-B444-1B348E05689E}"
EndProject
Project("{FAE04EC0-301F-11D3-BF4B-00C04F79EFBC}") = "BeckonedPath.Testing.Service", "BeckonedPath.Testing.Service\BeckonedPath.Testing.Service.csproj", "{B99CD988-239C-432E-9D4B-E48233020CA2}"
EndProject
Project("{FAE04EC0-301F-11D3-BF4B-00C04F79EFBC}") = "BeckonedPath.Testing.Library", "BeckonedPath.Testing.Library\BeckonedPath.Testing.Library.csproj", "{FB9E2DA8-A75F-48C4-B885-A8357C14687F}"
EndProject
Global
	GlobalSection(SolutionConfigurationPlatforms) = preSolution
		Debug|Any CPU = Debug|Any CPU
		Debug|x64 = Debug|x64
		Debug|x86 = Debug|x86
		Release|Any CPU = Release|Any CPU
		Release|x64 = Release|x64
		Release|x86 = Release|x86
	EndGlobalSection
	GlobalSection(SolutionProperties) = preSolution
		HideSolutionNode = FALSE
	EndGlobalSection
	GlobalSection(ProjectConfigurationPlatforms) = postSolution
		{DC45FB4A-99EF-45AA-BA09-85F0ABB1F3C5}.Debug|Any CPU.ActiveCfg = Debug|Any CPU
		{DC45FB4A-99EF-45AA-BA09-85F0ABB1F3C5}.Debug|Any CPU.Build.0 = Debug|Any CPU
		{DC45FB4A-99EF-45AA-BA09-85F0ABB1F3C5}.Debug|x64.ActiveCfg = Debug|x64
		{DC45FB4A-99EF-45AA-BA09-85F0ABB1F3C5}.Debug|x64.Build.0 = Debug|x64
		{DC45FB4A-99EF-45AA-BA09-85F0ABB1F3C5}.Debug|x86.ActiveCfg = Debug|x86
		{DC45FB4A-99EF-45AA-BA09-85F0ABB1F3C5}.Debug|x86.Build.0 = Debug|x86
		{DC45FB4A-99EF-45AA-BA09-85F0ABB1F3C5}.Release|Any CPU.ActiveCfg = Release|Any CPU
		{DC45FB4A-99EF-45AA-BA09-85F0ABB1F3C5}.Release|Any CPU.Build.0 = Release|Any CPU
		{DC45FB4A-99EF-45AA-BA09-85F0ABB1F3C5}.Release|x64.ActiveCfg = Release|x64
		{DC45FB4A-99EF-45AA-BA09-85F0ABB1F3C5}.Release|x64.Build.0 = Release|x64
		{DC45FB4A-99EF-45AA-BA09-85F0ABB1F3C5}.Release|x86.ActiveCfg = Release|x86
		{DC45FB4A-99EF-45AA-BA09-85F0ABB1F3C5}.Release|x86.Build.0 = Release|x86
		{C979E7B2-B0BB-463B-B444-1B348E05689E}.Debug|Any CPU.ActiveCfg = Debug|Any CPU
		{C979E7B2-B0BB-463B-B444-1B348E05689E}.Debug|Any CPU.Build.0 = Debug|Any CPU
		{C979E7B2-B0BB-463B-B444-1B348E05689E}.Debug|x64.ActiveCfg = Debug|x64
		{C979E7B2-B0BB-463B-B444-1B348E05689E}.Debug|x64.Build.0 = Debug|x64
		{C979E7B2-B0BB-463B-B444-1B348E05689E}.Debug|x86.ActiveCfg = Debug|x86
		{C979E7B2-B0BB-463B-B444-1B348E05689E}.Debug|x86.Build.0 = Debug|x86
		{C979E7B2-B0BB-463B-B444-1B348E05689E}.Release|Any CPU.ActiveCfg = Release|Any CPU
		{C979E7B2-B0BB-463B-B444-1B348E05689E}.Release|Any CPU.Build.0 = Release|Any CPU
		{C979E7B2-B0BB-463B-B444-1B348E05689E}.Release|x64.ActiveCfg = Release|x64
		{C979E7B2-B0BB-463B-B444-1B348E05689E}.Release|x64.Build.0 = Release|x64
		{C979E7B2-B0BB-463B-B444-1B348E05689E}.Release|x86.ActiveCfg = Release|x86
		{C979E7B2-B0BB-463B-B444-1B348E05689E}.Release|x86.Build.0 = Release|x86
		{B99CD988-239C-432E-9D4B-E48233020CA2}.Debug|Any CPU.ActiveCfg = Debug|Any CPU
		{B99CD988-239C-432E-9D4B-E48233020CA2}.Debug|Any CPU.Build.0 = Debug|Any CPU
		{B99CD988-239C-432E-9D4B-E48233020CA2}.Debug|x64.ActiveCfg = Debug|x64
		{B99CD988-239C-432E-9D4B-E48233020CA2}.Debug|x64.Build.0 = Debug|x64
		{B99CD988-239C-432E-9D4B-E48233020CA2}.Debug|x86.ActiveCfg = Debug|x86
		{B99CD988-239C-432E-9D4B-E48233020CA2}.Debug|x86.Build.0 = Debug|x86
		{B99CD988-239C-432E-9D4B-E48233020CA2}.Release|Any CPU.ActiveCfg = Release|Any CPU
		{B99CD988-239C-432E-9D4B-E48233020CA2}.Release|Any CPU.Build.0 = Release|Any CPU
		{B99CD988-239C-432E-9D4B-E48233020CA2}.Release|x64.ActiveCfg = Release|x64
		{B99CD988-239C-432E-9D4B-E48233020CA2}.Release|x64.Build.0 = Release|x64
		{B99CD988-239C-432E-9D4B-E48233020CA2}.Release|x86.ActiveCfg = Release|x86
		{B99CD988-239C-432E-9D4B-E48233020CA2}.Release|x86.Build.0 = Release|x86
		{FB9E2DA8-A75F-48C4-B885-A8357C14687F}.Debug|Any CPU.ActiveCfg = Debug|Any CPU
		{FB9E2DA8-A75F-48C4-B885-A8357C14687F}.Debug|Any CPU.Build.0 = Debug|Any CPU
		{FB9E2DA8-A75F-48C4-B885-A8357C14687F}.Debug|x64.ActiveCfg = Debug|x64
		{FB9E2DA8-A75F-48C4-B885-A8357C14687F}.Debug|x64.Build.0 = Debug|x64
		{FB9E2DA8-A75F-48C4-B885-A8357C14687F}.Debug|x86.ActiveCfg = Debug|x86
		{FB9E2DA8-A75F-48C4-B885-A8357C14687F}.Debug|x86.Build.0 = Debug|x86
		{FB9E2DA8-A75F-48C4-B885-A8357C14687F}.Release|Any CPU.ActiveCfg = Release|Any CPU
		{FB9E2DA8-A75F-48C4-B885-A8357C14687F}.Release|Any CPU.Build.0 = Release|Any CPU
		{FB9E2DA8-A75F-48C4-B885-A8357C14687F}.Release|x64.ActiveCfg = Release|x64
		{FB9E2DA8-A75F-48C4-B885-A8357C14687F}.Release|x64.Build.0 = Release|x64
		{FB9E2DA8-A75F-48C4-B885-A8357C14687F}.Release|x86.ActiveCfg = Release|x86
		{FB9E2DA8-A75F-48C4-B885-A8357C14687F}.Release|x86.Build.0 = Release|x86
	EndGlobalSection
EndGlobal
